
Microsoft Visual Studio Solution File, Format Version 12.00
# Visual Studio 15
VisualStudioVersion = 15.0.27428.2015
MinimumVisualStudioVersion = 10.0.40219.1
Project("{9A19103F-16F7-4668-BE54-9A1E7A4F7556}") = "test", "test\test.csproj", "{9DF2FB21-EA0F-4D4B-BDB9-BEC9B39F9E94}"
EndProject
Global
	GlobalSection(SolutionConfigurationPlatforms) = preSolution
		Debug|Any CPU = Debug|Any CPU
		Release|Any CPU = Release|Any CPU
	EndGlobalSection
	GlobalSection(ProjectConfigurationPlatforms) = postSolution
		{9DF2FB21-EA0F-4D4B-BDB9-BEC9B39F9E94}.Debug|Any CPU.ActiveCfg = Debug|Any CPU
		{9DF2FB21-EA0F-4D4B-BDB9-BEC9B39F9E94}.Debug|Any CPU.Build.0 = Debug|Any CPU
		{9DF2FB21-EA0F-4D4B-BDB9-BEC9B39F9E94}.Release|Any CPU.ActiveCfg = Release|Any CPU
		{9DF2FB21-EA0F-4D4B-BDB9-BEC9B39F9E94}.Release|Any CPU.Build.0 = Release|Any CPU
	EndGlobalSection
	GlobalSection(SolutionProperties) = preSolution
		HideSolutionNode = FALSE
	EndGlobalSection
	GlobalSection(ExtensibilityGlobals) = postSolution
		SolutionGuid = {31EBF217-7D15-4FEF-8A3A-9777D2578A94}
	EndGlobalSection
EndGlobal
